
Microsoft Visual Studio Solution File, Format Version 12.00
# Visual Studio 14
VisualStudioVersion = 14.0.25420.1
MinimumVisualStudioVersion = 10.0.40219.1
Project("{FAE04EC0-301F-11D3-BF4B-00C04F79EFBC}") = "MvxTasky.Core", "MvxTasky.Core\MvxTasky.Core.csproj", "{D847B92B-626E-4DAD-A6C3-596564609A25}"
EndProject
Project("{FAE04EC0-301F-11D3-BF4B-00C04F79EFBC}") = "MvxTasky.iOS", "MvxTasky.iOS\MvxTasky.iOS.csproj", "{723980DA-4ECD-4549-B0BB-8FB627E15862}"
EndProject
Project("{FAE04EC0-301F-11D3-BF4B-00C04F79EFBC}") = "MvxTasky.UWP", "MvxTasky.UWP\MvxTasky.UWP.csproj", "{BAA36192-EB14-4F7F-A959-F03EB4B9B5EC}"
EndProject
Global
	GlobalSection(SolutionConfigurationPlatforms) = preSolution
		Ad-Hoc|Any CPU = Ad-Hoc|Any CPU
		Ad-Hoc|ARM = Ad-Hoc|ARM
		Ad-Hoc|iPhone = Ad-Hoc|iPhone
		Ad-Hoc|iPhoneSimulator = Ad-Hoc|iPhoneSimulator
		Ad-Hoc|x64 = Ad-Hoc|x64
		Ad-Hoc|x86 = Ad-Hoc|x86
		AppStore|Any CPU = AppStore|Any CPU
		AppStore|ARM = AppStore|ARM
		AppStore|iPhone = AppStore|iPhone
		AppStore|iPhoneSimulator = AppStore|iPhoneSimulator
		AppStore|x64 = AppStore|x64
		AppStore|x86 = AppStore|x86
		Debug|Any CPU = Debug|Any CPU
		Debug|ARM = Debug|ARM
		Debug|iPhone = Debug|iPhone
		Debug|iPhoneSimulator = Debug|iPhoneSimulator
		Debug|x64 = Debug|x64
		Debug|x86 = Debug|x86
		Release|Any CPU = Release|Any CPU
		Release|ARM = Release|ARM
		Release|iPhone = Release|iPhone
		Release|iPhoneSimulator = Release|iPhoneSimulator
		Release|x64 = Release|x64
		Release|x86 = Release|x86
	EndGlobalSection
	GlobalSection(ProjectConfigurationPlatforms) = postSolution
		{D847B92B-626E-4DAD-A6C3-596564609A25}.Ad-Hoc|Any CPU.ActiveCfg = Release|Any CPU
		{D847B92B-626E-4DAD-A6C3-596564609A25}.Ad-Hoc|Any CPU.Build.0 = Release|Any CPU
		{D847B92B-626E-4DAD-A6C3-596564609A25}.Ad-Hoc|ARM.ActiveCfg = Release|Any CPU
		{D847B92B-626E-4DAD-A6C3-596564609A25}.Ad-Hoc|ARM.Build.0 = Release|Any CPU
		{D847B92B-626E-4DAD-A6C3-596564609A25}.Ad-Hoc|iPhone.ActiveCfg = Release|Any CPU
		{D847B92B-626E-4DAD-A6C3-596564609A25}.Ad-Hoc|iPhone.Build.0 = Release|Any CPU
		{D847B92B-626E-4DAD-A6C3-596564609A25}.Ad-Hoc|iPhoneSimulator.ActiveCfg = Release|Any CPU
		{D847B92B-626E-4DAD-A6C3-596564609A25}.Ad-Hoc|iPhoneSimulator.Build.0 = Release|Any CPU
		{D847B92B-626E-4DAD-A6C3-596564609A25}.Ad-Hoc|x64.ActiveCfg = Release|Any CPU
		{D847B92B-626E-4DAD-A6C3-596564609A25}.Ad-Hoc|x64.Build.0 = Release|Any CPU
		{D847B92B-626E-4DAD-A6C3-596564609A25}.Ad-Hoc|x86.ActiveCfg = Release|Any CPU
		{D847B92B-626E-4DAD-A6C3-596564609A25}.Ad-Hoc|x86.Build.0 = Release|Any CPU
		{D847B92B-626E-4DAD-A6C3-596564609A25}.AppStore|Any CPU.ActiveCfg = Release|Any CPU
		{D847B92B-626E-4DAD-A6C3-596564609A25}.AppStore|Any CPU.Build.0 = Release|Any CPU
		{D847B92B-626E-4DAD-A6C3-596564609A25}.AppStore|ARM.ActiveCfg = Release|Any CPU
		{D847B92B-626E-4DAD-A6C3-596564609A25}.AppStore|ARM.Build.0 = Release|Any CPU
		{D847B92B-626E-4DAD-A6C3-596564609A25}.AppStore|iPhone.ActiveCfg = Release|Any CPU
		{D847B92B-626E-4DAD-A6C3-596564609A25}.AppStore|iPhone.Build.0 = Release|Any CPU
		{D847B92B-626E-4DAD-A6C3-596564609A25}.AppStore|iPhoneSimulator.ActiveCfg = Release|Any CPU
		{D847B92B-626E-4DAD-A6C3-596564609A25}.AppStore|iPhoneSimulator.Build.0 = Release|Any CPU
		{D847B92B-626E-4DAD-A6C3-596564609A25}.AppStore|x64.ActiveCfg = Release|Any CPU
		{D847B92B-626E-4DAD-A6C3-596564609A25}.AppStore|x64.Build.0 = Release|Any CPU
		{D847B92B-626E-4DAD-A6C3-596564609A25}.AppStore|x86.ActiveCfg = Release|Any CPU
		{D847B92B-626E-4DAD-A6C3-596564609A25}.AppStore|x86.Build.0 = Release|Any CPU
		{D847B92B-626E-4DAD-A6C3-596564609A25}.Debug|Any CPU.ActiveCfg = Debug|Any CPU
		{D847B92B-626E-4DAD-A6C3-596564609A25}.Debug|Any CPU.Build.0 = Debug|Any CPU
		{D847B92B-626E-4DAD-A6C3-596564609A25}.Debug|ARM.ActiveCfg = Debug|Any CPU
		{D847B92B-626E-4DAD-A6C3-596564609A25}.Debug|ARM.Build.0 = Debug|Any CPU
		{D847B92B-626E-4DAD-A6C3-596564609A25}.Debug|iPhone.ActiveCfg = Debug|Any CPU
		{D847B92B-626E-4DAD-A6C3-596564609A25}.Debug|iPhone.Build.0 = Debug|Any CPU
		{D847B92B-626E-4DAD-A6C3-596564609A25}.Debug|iPhoneSimulator.ActiveCfg = Debug|Any CPU
		{D847B92B-626E-4DAD-A6C3-596564609A25}.Debug|iPhoneSimulator.Build.0 = Debug|Any CPU
		{D847B92B-626E-4DAD-A6C3-596564609A25}.Debug|x64.ActiveCfg = Debug|Any CPU
		{D847B92B-626E-4DAD-A6C3-596564609A25}.Debug|x64.Build.0 = Debug|Any CPU
		{D847B92B-626E-4DAD-A6C3-596564609A25}.Debug|x86.ActiveCfg = Debug|Any CPU
		{D847B92B-626E-4DAD-A6C3-596564609A25}.Debug|x86.Build.0 = Debug|Any CPU
		{D847B92B-626E-4DAD-A6C3-596564609A25}.Release|Any CPU.ActiveCfg = Release|Any CPU
		{D847B92B-626E-4DAD-A6C3-596564609A25}.Release|Any CPU.Build.0 = Release|Any CPU
		{D847B92B-626E-4DAD-A6C3-596564609A25}.Release|ARM.ActiveCfg = Release|Any CPU
		{D847B92B-626E-4DAD-A6C3-596564609A25}.Release|ARM.Build.0 = Release|Any CPU
		{D847B92B-626E-4DAD-A6C3-596564609A25}.Release|iPhone.ActiveCfg = Release|Any CPU
		{D847B92B-626E-4DAD-A6C3-596564609A25}.Release|iPhone.Build.0 = Release|Any CPU
		{D847B92B-626E-4DAD-A6C3-596564609A25}.Release|iPhoneSimulator.ActiveCfg = Release|Any CPU
		{D847B92B-626E-4DAD-A6C3-596564609A25}.Release|iPhoneSimulator.Build.0 = Release|Any CPU
		{D847B92B-626E-4DAD-A6C3-596564609A25}.Release|x64.ActiveCfg = Release|Any CPU
		{D847B92B-626E-4DAD-A6C3-596564609A25}.Release|x64.Build.0 = Release|Any CPU
		{D847B92B-626E-4DAD-A6C3-596564609A25}.Release|x86.ActiveCfg = Release|Any CPU
		{D847B92B-626E-4DAD-A6C3-596564609A25}.Release|x86.Build.0 = Release|Any CPU
		{723980DA-4ECD-4549-B0BB-8FB627E15862}.Ad-Hoc|Any CPU.ActiveCfg = Ad-Hoc|iPhone
		{723980DA-4ECD-4549-B0BB-8FB627E15862}.Ad-Hoc|ARM.ActiveCfg = Ad-Hoc|iPhone
		{723980DA-4ECD-4549-B0BB-8FB627E15862}.Ad-Hoc|iPhone.ActiveCfg = Ad-Hoc|iPhone
		{723980DA-4ECD-4549-B0BB-8FB627E15862}.Ad-Hoc|iPhone.Build.0 = Ad-Hoc|iPhone
		{723980DA-4ECD-4549-B0BB-8FB627E15862}.Ad-Hoc|iPhoneSimulator.ActiveCfg = Ad-Hoc|iPhoneSimulator
		{723980DA-4ECD-4549-B0BB-8FB627E15862}.Ad-Hoc|iPhoneSimulator.Build.0 = Ad-Hoc|iPhoneSimulator
		{723980DA-4ECD-4549-B0BB-8FB627E15862}.Ad-Hoc|x64.ActiveCfg = Ad-Hoc|iPhone
		{723980DA-4ECD-4549-B0BB-8FB627E15862}.Ad-Hoc|x86.ActiveCfg = Ad-Hoc|iPhone
		{723980DA-4ECD-4549-B0BB-8FB627E15862}.AppStore|Any CPU.ActiveCfg = AppStore|iPhone
		{723980DA-4ECD-4549-B0BB-8FB627E15862}.AppStore|ARM.ActiveCfg = AppStore|iPhone
		{723980DA-4ECD-4549-B0BB-8FB627E15862}.AppStore|iPhone.ActiveCfg = AppStore|iPhone
		{723980DA-4ECD-4549-B0BB-8FB627E15862}.AppStore|iPhone.Build.0 = AppStore|iPhone
		{723980DA-4ECD-4549-B0BB-8FB627E15862}.AppStore|iPhoneSimulator.ActiveCfg = AppStore|iPhoneSimulator
		{723980DA-4ECD-4549-B0BB-8FB627E15862}.AppStore|iPhoneSimulator.Build.0 = AppStore|iPhoneSimulator
		{723980DA-4ECD-4549-B0BB-8FB627E15862}.AppStore|x64.ActiveCfg = AppStore|iPhone
		{723980DA-4ECD-4549-B0BB-8FB627E15862}.AppStore|x86.ActiveCfg = AppStore|iPhone
		{723980DA-4ECD-4549-B0BB-8FB627E15862}.Debug|Any CPU.ActiveCfg = Debug|iPhone
		{723980DA-4ECD-4549-B0BB-8FB627E15862}.Debug|ARM.ActiveCfg = Debug|iPhone
		{723980DA-4ECD-4549-B0BB-8FB627E15862}.Debug|iPhone.ActiveCfg = Debug|iPhone
		{723980DA-4ECD-4549-B0BB-8FB627E15862}.Debug|iPhone.Build.0 = Debug|iPhone
		{723980DA-4ECD-4549-B0BB-8FB627E15862}.Debug|iPhoneSimulator.ActiveCfg = Debug|iPhoneSimulator
		{723980DA-4ECD-4549-B0BB-8FB627E15862}.Debug|iPhoneSimulator.Build.0 = Debug|iPhoneSimulator
		{723980DA-4ECD-4549-B0BB-8FB627E15862}.Debug|x64.ActiveCfg = Debug|iPhone
		{723980DA-4ECD-4549-B0BB-8FB627E15862}.Debug|x86.ActiveCfg = Debug|iPhone
		{723980DA-4ECD-4549-B0BB-8FB627E15862}.Release|Any CPU.ActiveCfg = Release|iPhone
		{723980DA-4ECD-4549-B0BB-8FB627E15862}.Release|ARM.ActiveCfg = Release|iPhone
		{723980DA-4ECD-4549-B0BB-8FB627E15862}.Release|iPhone.ActiveCfg = Release|iPhone
		{723980DA-4ECD-4549-B0BB-8FB627E15862}.Release|iPhone.Build.0 = Release|iPhone
		{723980DA-4ECD-4549-B0BB-8FB627E15862}.Release|iPhoneSimulator.ActiveCfg = Release|iPhoneSimulator
		{723980DA-4ECD-4549-B0BB-8FB627E15862}.Release|iPhoneSimulator.Build.0 = Release|iPhoneSimulator
		{723980DA-4ECD-4549-B0BB-8FB627E15862}.Release|x64.ActiveCfg = Release|iPhone
		{723980DA-4ECD-4549-B0BB-8FB627E15862}.Release|x86.ActiveCfg = Release|iPhone
		{BAA36192-EB14-4F7F-A959-F03EB4B9B5EC}.Ad-Hoc|Any CPU.ActiveCfg = Release|x64
		{BAA36192-EB14-4F7F-A959-F03EB4B9B5EC}.Ad-Hoc|Any CPU.Build.0 = Release|x64
		{BAA36192-EB14-4F7F-A959-F03EB4B9B5EC}.Ad-Hoc|Any CPU.Deploy.0 = Release|x64
		{BAA36192-EB14-4F7F-A959-F03EB4B9B5EC}.Ad-Hoc|ARM.ActiveCfg = Release|ARM
		{BAA36192-EB14-4F7F-A959-F03EB4B9B5EC}.Ad-Hoc|ARM.Build.0 = Release|ARM
		{BAA36192-EB14-4F7F-A959-F03EB4B9B5EC}.Ad-Hoc|ARM.Deploy.0 = Release|ARM
		{BAA36192-EB14-4F7F-A959-F03EB4B9B5EC}.Ad-Hoc|iPhone.ActiveCfg = Release|x64
		{BAA36192-EB14-4F7F-A959-F03EB4B9B5EC}.Ad-Hoc|iPhone.Build.0 = Release|x64
		{BAA36192-EB14-4F7F-A959-F03EB4B9B5EC}.Ad-Hoc|iPhone.Deploy.0 = Release|x64
		{BAA36192-EB14-4F7F-A959-F03EB4B9B5EC}.Ad-Hoc|iPhoneSimulator.ActiveCfg = Release|x64
		{BAA36192-EB14-4F7F-A959-F03EB4B9B5EC}.Ad-Hoc|iPhoneSimulator.Build.0 = Release|x64
		{BAA36192-EB14-4F7F-A959-F03EB4B9B5EC}.Ad-Hoc|iPhoneSimulator.Deploy.0 = Release|x64
		{BAA36192-EB14-4F7F-A959-F03EB4B9B5EC}.Ad-Hoc|x64.ActiveCfg = Release|x64
		{BAA36192-EB14-4F7F-A959-F03EB4B9B5EC}.Ad-Hoc|x64.Build.0 = Release|x64
		{BAA36192-EB14-4F7F-A959-F03EB4B9B5EC}.Ad-Hoc|x64.Deploy.0 = Release|x64
		{BAA36192-EB14-4F7F-A959-F03EB4B9B5EC}.Ad-Hoc|x86.ActiveCfg = Release|x86
		{BAA36192-EB14-4F7F-A959-F03EB4B9B5EC}.Ad-Hoc|x86.Build.0 = Release|x86
		{BAA36192-EB14-4F7F-A959-F03EB4B9B5EC}.Ad-Hoc|x86.Deploy.0 = Release|x86
		{BAA36192-EB14-4F7F-A959-F03EB4B9B5EC}.AppStore|Any CPU.ActiveCfg = Release|x64
		{BAA36192-EB14-4F7F-A959-F03EB4B9B5EC}.AppStore|Any CPU.Build.0 = Release|x64
		{BAA36192-EB14-4F7F-A959-F03EB4B9B5EC}.AppStore|Any CPU.Deploy.0 = Release|x64
		{BAA36192-EB14-4F7F-A959-F03EB4B9B5EC}.AppStore|ARM.ActiveCfg = Release|ARM
		{BAA36192-EB14-4F7F-A959-F03EB4B9B5EC}.AppStore|ARM.Build.0 = Release|ARM
		{BAA36192-EB14-4F7F-A959-F03EB4B9B5EC}.AppStore|ARM.Deploy.0 = Release|ARM
		{BAA36192-EB14-4F7F-A959-F03EB4B9B5EC}.AppStore|iPhone.ActiveCfg = Release|x64
		{BAA36192-EB14-4F7F-A959-F03EB4B9B5EC}.AppStore|iPhone.Build.0 = Release|x64
		{BAA36192-EB14-4F7F-A959-F03EB4B9B5EC}.AppStore|iPhone.Deploy.0 = Release|x64
		{BAA36192-EB14-4F7F-A959-F03EB4B9B5EC}.AppStore|iPhoneSimulator.ActiveCfg = Release|x64
		{BAA36192-EB14-4F7F-A959-F03EB4B9B5EC}.AppStore|iPhoneSimulator.Build.0 = Release|x64
		{BAA36192-EB14-4F7F-A959-F03EB4B9B5EC}.AppStore|iPhoneSimulator.Deploy.0 = Release|x64
		{BAA36192-EB14-4F7F-A959-F03EB4B9B5EC}.AppStore|x64.ActiveCfg = Release|x64
		{BAA36192-EB14-4F7F-A959-F03EB4B9B5EC}.AppStore|x64.Build.0 = Release|x64
		{BAA36192-EB14-4F7F-A959-F03EB4B9B5EC}.AppStore|x64.Deploy.0 = Release|x64
		{BAA36192-EB14-4F7F-A959-F03EB4B9B5EC}.AppStore|x86.ActiveCfg = Release|x86
		{BAA36192-EB14-4F7F-A959-F03EB4B9B5EC}.AppStore|x86.Build.0 = Release|x86
		{BAA36192-EB14-4F7F-A959-F03EB4B9B5EC}.AppStore|x86.Deploy.0 = Release|x86
		{BAA36192-EB14-4F7F-A959-F03EB4B9B5EC}.Debug|Any CPU.ActiveCfg = Debug|x86
		{BAA36192-EB14-4F7F-A959-F03EB4B9B5EC}.Debug|ARM.ActiveCfg = Debug|ARM
		{BAA36192-EB14-4F7F-A959-F03EB4B9B5EC}.Debug|ARM.Build.0 = Debug|ARM
		{BAA36192-EB14-4F7F-A959-F03EB4B9B5EC}.Debug|ARM.Deploy.0 = Debug|ARM
		{BAA36192-EB14-4F7F-A959-F03EB4B9B5EC}.Debug|iPhone.ActiveCfg = Debug|x86
		{BAA36192-EB14-4F7F-A959-F03EB4B9B5EC}.Debug|iPhoneSimulator.ActiveCfg = Debug|x86
		{BAA36192-EB14-4F7F-A959-F03EB4B9B5EC}.Debug|x64.ActiveCfg = Debug|x64
		{BAA36192-EB14-4F7F-A959-F03EB4B9B5EC}.Debug|x64.Build.0 = Debug|x64
		{BAA36192-EB14-4F7F-A959-F03EB4B9B5EC}.Debug|x64.Deploy.0 = Debug|x64
		{BAA36192-EB14-4F7F-A959-F03EB4B9B5EC}.Debug|x86.ActiveCfg = Debug|x86
		{BAA36192-EB14-4F7F-A959-F03EB4B9B5EC}.Debug|x86.Build.0 = Debug|x86
		{BAA36192-EB14-4F7F-A959-F03EB4B9B5EC}.Debug|x86.Deploy.0 = Debug|x86
		{BAA36192-EB14-4F7F-A959-F03EB4B9B5EC}.Release|Any CPU.ActiveCfg = Release|x86
		{BAA36192-EB14-4F7F-A959-F03EB4B9B5EC}.Release|ARM.ActiveCfg = Release|ARM
		{BAA36192-EB14-4F7F-A959-F03EB4B9B5EC}.Release|ARM.Build.0 = Release|ARM
		{BAA36192-EB14-4F7F-A959-F03EB4B9B5EC}.Release|ARM.Deploy.0 = Release|ARM
		{BAA36192-EB14-4F7F-A959-F03EB4B9B5EC}.Release|iPhone.ActiveCfg = Release|x86
		{BAA36192-EB14-4F7F-A959-F03EB4B9B5EC}.Release|iPhoneSimulator.ActiveCfg = Release|x86
		{BAA36192-EB14-4F7F-A959-F03EB4B9B5EC}.Release|x64.ActiveCfg = Release|x64
		{BAA36192-EB14-4F7F-A959-F03EB4B9B5EC}.Release|x64.Build.0 = Release|x64
		{BAA36192-EB14-4F7F-A959-F03EB4B9B5EC}.Release|x64.Deploy.0 = Release|x64
		{BAA36192-EB14-4F7F-A959-F03EB4B9B5EC}.Release|x86.ActiveCfg = Release|x86
		{BAA36192-EB14-4F7F-A959-F03EB4B9B5EC}.Release|x86.Build.0 = Release|x86
		{BAA36192-EB14-4F7F-A959-F03EB4B9B5EC}.Release|x86.Deploy.0 = Release|x86
	EndGlobalSection
	GlobalSection(SolutionProperties) = preSolution
		HideSolutionNode = FALSE
	EndGlobalSection
EndGlobal
